// !$*UTF8*$!
{
	archiveVersion = 1;
	classes = {
	};
	objectVersion = 56;
	objects = {

/* Begin PBXBuildFile section */
		606184B72ADEEB7900CAAC82 /* ConnectingViewController.swift in Sources */ = {isa = PBXBuildFile; fileRef = 606184B62ADEEB7900CAAC82 /* ConnectingViewController.swift */; };
		609CAE622AD7E7BC00BB2A64 /* MacroChallengeGroup4App.swift in Sources */ = {isa = PBXBuildFile; fileRef = 609CAE612AD7E7BC00BB2A64 /* MacroChallengeGroup4App.swift */; };
		609CAE642AD7E7BC00BB2A64 /* ContentView.swift in Sources */ = {isa = PBXBuildFile; fileRef = 609CAE632AD7E7BC00BB2A64 /* ContentView.swift */; };
		609CAE662AD7E7BD00BB2A64 /* Assets.xcassets in Resources */ = {isa = PBXBuildFile; fileRef = 609CAE652AD7E7BD00BB2A64 /* Assets.xcassets */; };
		609CAE692AD7E7BD00BB2A64 /* Preview Assets.xcassets in Resources */ = {isa = PBXBuildFile; fileRef = 609CAE682AD7E7BD00BB2A64 /* Preview Assets.xcassets */; };
		745E57C02ADFC0A800B53351 /* FreePlayMain.swift in Sources */ = {isa = PBXBuildFile; fileRef = 745E57BF2ADFC0A800B53351 /* FreePlayMain.swift */; };
		745E57C32ADFC69400B53351 /* ButtonAnimationModel.swift in Sources */ = {isa = PBXBuildFile; fileRef = 745E57C22ADFC69400B53351 /* ButtonAnimationModel.swift */; };
		745E57C62ADFC8F000B53351 /* CircleDropletViewModel.swift in Sources */ = {isa = PBXBuildFile; fileRef = 745E57C52ADFC8F000B53351 /* CircleDropletViewModel.swift */; };
/* End PBXBuildFile section */

/* Begin PBXFileReference section */
		606184B62ADEEB7900CAAC82 /* ConnectingViewController.swift */ = {isa = PBXFileReference; lastKnownFileType = sourcecode.swift; path = ConnectingViewController.swift; sourceTree = "<group>"; };
		609CAE5E2AD7E7BC00BB2A64 /* MacroChallengeGroup4.app */ = {isa = PBXFileReference; explicitFileType = wrapper.application; includeInIndex = 0; path = MacroChallengeGroup4.app; sourceTree = BUILT_PRODUCTS_DIR; };
		609CAE612AD7E7BC00BB2A64 /* MacroChallengeGroup4App.swift */ = {isa = PBXFileReference; lastKnownFileType = sourcecode.swift; path = MacroChallengeGroup4App.swift; sourceTree = "<group>"; };
		609CAE632AD7E7BC00BB2A64 /* ContentView.swift */ = {isa = PBXFileReference; lastKnownFileType = sourcecode.swift; path = ContentView.swift; sourceTree = "<group>"; };
		609CAE652AD7E7BD00BB2A64 /* Assets.xcassets */ = {isa = PBXFileReference; lastKnownFileType = folder.assetcatalog; path = Assets.xcassets; sourceTree = "<group>"; };
		609CAE682AD7E7BD00BB2A64 /* Preview Assets.xcassets */ = {isa = PBXFileReference; lastKnownFileType = folder.assetcatalog; path = "Preview Assets.xcassets"; sourceTree = "<group>"; };
		745E57BF2ADFC0A800B53351 /* FreePlayMain.swift */ = {isa = PBXFileReference; fileEncoding = 4; lastKnownFileType = sourcecode.swift; path = FreePlayMain.swift; sourceTree = "<group>"; };
		745E57C22ADFC69400B53351 /* ButtonAnimationModel.swift */ = {isa = PBXFileReference; lastKnownFileType = sourcecode.swift; path = ButtonAnimationModel.swift; sourceTree = "<group>"; };
		745E57C52ADFC8F000B53351 /* CircleDropletViewModel.swift */ = {isa = PBXFileReference; lastKnownFileType = sourcecode.swift; path = CircleDropletViewModel.swift; sourceTree = "<group>"; };
		745E57C72ADFE27000B53351 /* Documentation.md */ = {isa = PBXFileReference; lastKnownFileType = net.daringfireball.markdown; path = Documentation.md; sourceTree = "<group>"; };
/* End PBXFileReference section */

/* Begin PBXFrameworksBuildPhase section */
		609CAE5B2AD7E7BC00BB2A64 /* Frameworks */ = {
			isa = PBXFrameworksBuildPhase;
			buildActionMask = 2147483647;
			files = (
			);
			runOnlyForDeploymentPostprocessing = 0;
		};
/* End PBXFrameworksBuildPhase section */

/* Begin PBXGroup section */
		609CAE552AD7E7BC00BB2A64 = {
			isa = PBXGroup;
			children = (
				609CAE602AD7E7BC00BB2A64 /* MacroChallengeGroup4 */,
				609CAE5F2AD7E7BC00BB2A64 /* Products */,
			);
			sourceTree = "<group>";
		};
		609CAE5F2AD7E7BC00BB2A64 /* Products */ = {
			isa = PBXGroup;
			children = (
				609CAE5E2AD7E7BC00BB2A64 /* MacroChallengeGroup4.app */,
			);
			name = Products;
			sourceTree = "<group>";
		};
		609CAE602AD7E7BC00BB2A64 /* MacroChallengeGroup4 */ = {
			isa = PBXGroup;
			children = (
				745E57C42ADFC8AE00B53351 /* New Group */,
				745E57C12ADFC67F00B53351 /* Model */,
				745E57BE2ADFC07600B53351 /* FreePlayMain */,
				609CAE612AD7E7BC00BB2A64 /* MacroChallengeGroup4App.swift */,
				609CAE632AD7E7BC00BB2A64 /* ContentView.swift */,
				745E57C72ADFE27000B53351 /* Documentation.md */,
				6051AAF52ADD1CDD00D5755F /* TestingView.swift */,
				606184B62ADEEB7900CAAC82 /* ConnectingViewController.swift */,
				609CAE652AD7E7BD00BB2A64 /* Assets.xcassets */,
				609CAE672AD7E7BD00BB2A64 /* Preview Content */,
			);
			path = MacroChallengeGroup4;
			sourceTree = "<group>";
		};
		609CAE672AD7E7BD00BB2A64 /* Preview Content */ = {
			isa = PBXGroup;
			children = (
				609CAE682AD7E7BD00BB2A64 /* Preview Assets.xcassets */,
			);
			path = "Preview Content";
			sourceTree = "<group>";
		};
		745E57BE2ADFC07600B53351 /* FreePlayMain */ = {
			isa = PBXGroup;
			children = (
				745E57BF2ADFC0A800B53351 /* FreePlayMain.swift */,
			);
			path = FreePlayMain;
			sourceTree = "<group>";
		};
		745E57C12ADFC67F00B53351 /* Model */ = {
			isa = PBXGroup;
			children = (
				745E57C22ADFC69400B53351 /* ButtonAnimationModel.swift */,
				745E57C52ADFC8F000B53351 /* CircleDropletViewModel.swift */,
			);
			path = Model;
			sourceTree = "<group>";
		};
		745E57C42ADFC8AE00B53351 /* New Group */ = {
			isa = PBXGroup;
			children = (
			);
			path = "New Group";
			sourceTree = "<group>";
		};
/* End PBXGroup section */

/* Begin PBXNativeTarget section */
		609CAE5D2AD7E7BC00BB2A64 /* MacroChallengeGroup4 */ = {
			isa = PBXNativeTarget;
			buildConfigurationList = 609CAE6C2AD7E7BD00BB2A64 /* Build configuration list for PBXNativeTarget "MacroChallengeGroup4" */;
			buildPhases = (
				609CAE5A2AD7E7BC00BB2A64 /* Sources */,
				609CAE5B2AD7E7BC00BB2A64 /* Frameworks */,
				609CAE5C2AD7E7BC00BB2A64 /* Resources */,
			);
			buildRules = (
			);
			dependencies = (
			);
			name = MacroChallengeGroup4;
			productName = MacroChallengeGroup4;
			productReference = 609CAE5E2AD7E7BC00BB2A64 /* MacroChallengeGroup4.app */;
			productType = "com.apple.product-type.application";
		};
/* End PBXNativeTarget section */

/* Begin PBXProject section */
		609CAE562AD7E7BC00BB2A64 /* Project object */ = {
			isa = PBXProject;
			attributes = {
				BuildIndependentTargetsInParallel = 1;
				LastSwiftUpdateCheck = 1500;
				LastUpgradeCheck = 1500;
				TargetAttributes = {
					609CAE5D2AD7E7BC00BB2A64 = {
						CreatedOnToolsVersion = 15.0;
					};
				};
			};
			buildConfigurationList = 609CAE592AD7E7BC00BB2A64 /* Build configuration list for PBXProject "MacroChallengeGroup4" */;
			compatibilityVersion = "Xcode 14.0";
			developmentRegion = en;
			hasScannedForEncodings = 0;
			knownRegions = (
				en,
				Base,
			);
			mainGroup = 609CAE552AD7E7BC00BB2A64;
			productRefGroup = 609CAE5F2AD7E7BC00BB2A64 /* Products */;
			projectDirPath = "";
			projectRoot = "";
			targets = (
				609CAE5D2AD7E7BC00BB2A64 /* MacroChallengeGroup4 */,
			);
		};
/* End PBXProject section */

/* Begin PBXResourcesBuildPhase section */
		609CAE5C2AD7E7BC00BB2A64 /* Resources */ = {
			isa = PBXResourcesBuildPhase;
			buildActionMask = 2147483647;
			files = (
				609CAE692AD7E7BD00BB2A64 /* Preview Assets.xcassets in Resources */,
				609CAE662AD7E7BD00BB2A64 /* Assets.xcassets in Resources */,
			);
			runOnlyForDeploymentPostprocessing = 0;
		};
/* End PBXResourcesBuildPhase section */

/* Begin PBXSourcesBuildPhase section */
		609CAE5A2AD7E7BC00BB2A64 /* Sources */ = {
			isa = PBXSourcesBuildPhase;
			buildActionMask = 2147483647;
			files = (
				606184B72ADEEB7900CAAC82 /* ConnectingViewController.swift in Sources */,
				609CAE642AD7E7BC00BB2A64 /* ContentView.swift in Sources */,
				745E57C32ADFC69400B53351 /* ButtonAnimationModel.swift in Sources */,
				609CAE622AD7E7BC00BB2A64 /* MacroChallengeGroup4App.swift in Sources */,
				745E57C02ADFC0A800B53351 /* FreePlayMain.swift in Sources */,
				745E57C62ADFC8F000B53351 /* CircleDropletViewModel.swift in Sources */,
				6051AAF62ADD1CDD00D5755F /* TestingView.swift in Sources */,
			);
			runOnlyForDeploymentPostprocessing = 0;
		};
/* End PBXSourcesBuildPhase section */

/* Begin XCBuildConfiguration section */
		609CAE6A2AD7E7BD00BB2A64 /* Debug */ = {
			isa = XCBuildConfiguration;
			buildSettings = {
				ALWAYS_SEARCH_USER_PATHS = NO;
				ASSETCATALOG_COMPILER_GENERATE_SWIFT_ASSET_SYMBOL_EXTENSIONS = YES;
				CLANG_ANALYZER_NONNULL = YES;
				CLANG_ANALYZER_NUMBER_OBJECT_CONVERSION = YES_AGGRESSIVE;
				CLANG_CXX_LANGUAGE_STANDARD = "gnu++20";
				CLANG_ENABLE_MODULES = YES;
				CLANG_ENABLE_OBJC_ARC = YES;
				CLANG_ENABLE_OBJC_WEAK = YES;
				CLANG_WARN_BLOCK_CAPTURE_AUTORELEASING = YES;
				CLANG_WARN_BOOL_CONVERSION = YES;
				CLANG_WARN_COMMA = YES;
				CLANG_WARN_CONSTANT_CONVERSION = YES;
				CLANG_WARN_DEPRECATED_OBJC_IMPLEMENTATIONS = YES;
				CLANG_WARN_DIRECT_OBJC_ISA_USAGE = YES_ERROR;
				CLANG_WARN_DOCUMENTATION_COMMENTS = YES;
				CLANG_WARN_EMPTY_BODY = YES;
				CLANG_WARN_ENUM_CONVERSION = YES;
				CLANG_WARN_INFINITE_RECURSION = YES;
				CLANG_WARN_INT_CONVERSION = YES;
				CLANG_WARN_NON_LITERAL_NULL_CONVERSION = YES;
				CLANG_WARN_OBJC_IMPLICIT_RETAIN_SELF = YES;
				CLANG_WARN_OBJC_LITERAL_CONVERSION = YES;
				CLANG_WARN_OBJC_ROOT_CLASS = YES_ERROR;
				CLANG_WARN_QUOTED_INCLUDE_IN_FRAMEWORK_HEADER = YES;
				CLANG_WARN_RANGE_LOOP_ANALYSIS = YES;
				CLANG_WARN_STRICT_PROTOTYPES = YES;
				CLANG_WARN_SUSPICIOUS_MOVE = YES;
				CLANG_WARN_UNGUARDED_AVAILABILITY = YES_AGGRESSIVE;
				CLANG_WARN_UNREACHABLE_CODE = YES;
				CLANG_WARN__DUPLICATE_METHOD_MATCH = YES;
				COPY_PHASE_STRIP = NO;
				DEBUG_INFORMATION_FORMAT = dwarf;
				ENABLE_STRICT_OBJC_MSGSEND = YES;
				ENABLE_TESTABILITY = YES;
				ENABLE_USER_SCRIPT_SANDBOXING = YES;
				GCC_C_LANGUAGE_STANDARD = gnu17;
				GCC_DYNAMIC_NO_PIC = NO;
				GCC_NO_COMMON_BLOCKS = YES;
				GCC_OPTIMIZATION_LEVEL = 0;
				GCC_PREPROCESSOR_DEFINITIONS = (
					"DEBUG=1",
					"$(inherited)",
				);
				GCC_WARN_64_TO_32_BIT_CONVERSION = YES;
				GCC_WARN_ABOUT_RETURN_TYPE = YES_ERROR;
				GCC_WARN_UNDECLARED_SELECTOR = YES;
				GCC_WARN_UNINITIALIZED_AUTOS = YES_AGGRESSIVE;
				GCC_WARN_UNUSED_FUNCTION = YES;
				GCC_WARN_UNUSED_VARIABLE = YES;
				IPHONEOS_DEPLOYMENT_TARGET = 17.0;
				LOCALIZATION_PREFERS_STRING_CATALOGS = YES;
				MTL_ENABLE_DEBUG_INFO = INCLUDE_SOURCE;
				MTL_FAST_MATH = YES;
				ONLY_ACTIVE_ARCH = YES;
				SDKROOT = iphoneos;
				SWIFT_ACTIVE_COMPILATION_CONDITIONS = "DEBUG $(inherited)";
				SWIFT_OPTIMIZATION_LEVEL = "-Onone";
			};
			name = Debug;
		};
		609CAE6B2AD7E7BD00BB2A64 /* Release */ = {
			isa = XCBuildConfiguration;
			buildSettings = {
				ALWAYS_SEARCH_USER_PATHS = NO;
				ASSETCATALOG_COMPILER_GENERATE_SWIFT_ASSET_SYMBOL_EXTENSIONS = YES;
				CLANG_ANALYZER_NONNULL = YES;
				CLANG_ANALYZER_NUMBER_OBJECT_CONVERSION = YES_AGGRESSIVE;
				CLANG_CXX_LANGUAGE_STANDARD = "gnu++20";
				CLANG_ENABLE_MODULES = YES;
				CLANG_ENABLE_OBJC_ARC = YES;
				CLANG_ENABLE_OBJC_WEAK = YES;
				CLANG_WARN_BLOCK_CAPTURE_AUTORELEASING = YES;
				CLANG_WARN_BOOL_CONVERSION = YES;
				CLANG_WARN_COMMA = YES;
				CLANG_WARN_CONSTANT_CONVERSION = YES;
				CLANG_WARN_DEPRECATED_OBJC_IMPLEMENTATIONS = YES;
				CLANG_WARN_DIRECT_OBJC_ISA_USAGE = YES_ERROR;
				CLANG_WARN_DOCUMENTATION_COMMENTS = YES;
				CLANG_WARN_EMPTY_BODY = YES;
				CLANG_WARN_ENUM_CONVERSION = YES;
				CLANG_WARN_INFINITE_RECURSION = YES;
				CLANG_WARN_INT_CONVERSION = YES;
				CLANG_WARN_NON_LITERAL_NULL_CONVERSION = YES;
				CLANG_WARN_OBJC_IMPLICIT_RETAIN_SELF = YES;
				CLANG_WARN_OBJC_LITERAL_CONVERSION = YES;
				CLANG_WARN_OBJC_ROOT_CLASS = YES_ERROR;
				CLANG_WARN_QUOTED_INCLUDE_IN_FRAMEWORK_HEADER = YES;
				CLANG_WARN_RANGE_LOOP_ANALYSIS = YES;
				CLANG_WARN_STRICT_PROTOTYPES = YES;
				CLANG_WARN_SUSPICIOUS_MOVE = YES;
				CLANG_WARN_UNGUARDED_AVAILABILITY = YES_AGGRESSIVE;
				CLANG_WARN_UNREACHABLE_CODE = YES;
				CLANG_WARN__DUPLICATE_METHOD_MATCH = YES;
				COPY_PHASE_STRIP = NO;
				DEBUG_INFORMATION_FORMAT = "dwarf-with-dsym";
				ENABLE_NS_ASSERTIONS = NO;
				ENABLE_STRICT_OBJC_MSGSEND = YES;
				ENABLE_USER_SCRIPT_SANDBOXING = YES;
				GCC_C_LANGUAGE_STANDARD = gnu17;
				GCC_NO_COMMON_BLOCKS = YES;
				GCC_WARN_64_TO_32_BIT_CONVERSION = YES;
				GCC_WARN_ABOUT_RETURN_TYPE = YES_ERROR;
				GCC_WARN_UNDECLARED_SELECTOR = YES;
				GCC_WARN_UNINITIALIZED_AUTOS = YES_AGGRESSIVE;
				GCC_WARN_UNUSED_FUNCTION = YES;
				GCC_WARN_UNUSED_VARIABLE = YES;
				IPHONEOS_DEPLOYMENT_TARGET = 17.0;
				LOCALIZATION_PREFERS_STRING_CATALOGS = YES;
				MTL_ENABLE_DEBUG_INFO = NO;
				MTL_FAST_MATH = YES;
				SDKROOT = iphoneos;
				SWIFT_COMPILATION_MODE = wholemodule;
				VALIDATE_PRODUCT = YES;
			};
			name = Release;
		};
		609CAE6D2AD7E7BD00BB2A64 /* Debug */ = {
			isa = XCBuildConfiguration;
			buildSettings = {
				ASSETCATALOG_COMPILER_APPICON_NAME = AppIcon;
				ASSETCATALOG_COMPILER_GLOBAL_ACCENT_COLOR_NAME = AccentColor;
				CODE_SIGN_STYLE = Automatic;
				CURRENT_PROJECT_VERSION = 1;
				DEVELOPMENT_ASSET_PATHS = "\"MacroChallengeGroup4/Preview Content\"";
				DEVELOPMENT_TEAM = ZF4QX38RB3;
				ENABLE_PREVIEWS = YES;
				GENERATE_INFOPLIST_FILE = YES;
				INFOPLIST_KEY_UIApplicationSceneManifest_Generation = YES;
				INFOPLIST_KEY_UIApplicationSupportsIndirectInputEvents = YES;
				INFOPLIST_KEY_UILaunchScreen_Generation = YES;
				INFOPLIST_KEY_UISupportedInterfaceOrientations_iPad = "UIInterfaceOrientationPortrait UIInterfaceOrientationPortraitUpsideDown UIInterfaceOrientationLandscapeLeft UIInterfaceOrientationLandscapeRight";
				INFOPLIST_KEY_UISupportedInterfaceOrientations_iPhone = "UIInterfaceOrientationLandscapeLeft UIInterfaceOrientationLandscapeLeft UIInterfaceOrientationLandscapeLeft UIInterfaceOrientationLandscapeLeft";
				IPHONEOS_DEPLOYMENT_TARGET = 16.3;
				LD_RUNPATH_SEARCH_PATHS = (
					"$(inherited)",
					"@executable_path/Frameworks",
				);
				MARKETING_VERSION = 1.0;
				PRODUCT_BUNDLE_IDENTIFIER = com.ada.MacroChallengeGroup4;
				PRODUCT_NAME = "$(TARGET_NAME)";
				SWIFT_EMIT_LOC_STRINGS = YES;
				SWIFT_VERSION = 5.0;
				TARGETED_DEVICE_FAMILY = "1,2";
			};
			name = Debug;
		};
		609CAE6E2AD7E7BD00BB2A64 /* Release */ = {
			isa = XCBuildConfiguration;
			buildSettings = {
				ASSETCATALOG_COMPILER_APPICON_NAME = AppIcon;
				ASSETCATALOG_COMPILER_GLOBAL_ACCENT_COLOR_NAME = AccentColor;
				CODE_SIGN_STYLE = Automatic;
				CURRENT_PROJECT_VERSION = 1;
				DEVELOPMENT_ASSET_PATHS = "\"MacroChallengeGroup4/Preview Content\"";
				DEVELOPMENT_TEAM = ZF4QX38RB3;
				ENABLE_PREVIEWS = YES;
				GENERATE_INFOPLIST_FILE = YES;
				INFOPLIST_KEY_UIApplicationSceneManifest_Generation = YES;
				INFOPLIST_KEY_UIApplicationSupportsIndirectInputEvents = YES;
				INFOPLIST_KEY_UILaunchScreen_Generation = YES;
				INFOPLIST_KEY_UISupportedInterfaceOrientations_iPad = "UIInterfaceOrientationPortrait UIInterfaceOrientationPortraitUpsideDown UIInterfaceOrientationLandscapeLeft UIInterfaceOrientationLandscapeRight";
				INFOPLIST_KEY_UISupportedInterfaceOrientations_iPhone = "UIInterfaceOrientationLandscapeLeft UIInterfaceOrientationLandscapeLeft UIInterfaceOrientationLandscapeLeft UIInterfaceOrientationLandscapeLeft";
				IPHONEOS_DEPLOYMENT_TARGET = 16.3;
				LD_RUNPATH_SEARCH_PATHS = (
					"$(inherited)",
					"@executable_path/Frameworks",
				);
				MARKETING_VERSION = 1.0;
				PRODUCT_BUNDLE_IDENTIFIER = com.ada.MacroChallengeGroup4;
				PRODUCT_NAME = "$(TARGET_NAME)";
				SWIFT_EMIT_LOC_STRINGS = YES;
				SWIFT_VERSION = 5.0;
				TARGETED_DEVICE_FAMILY = "1,2";
			};
			name = Release;
		};
/* End XCBuildConfiguration section */

/* Begin XCConfigurationList section */
		609CAE592AD7E7BC00BB2A64 /* Build configuration list for PBXProject "MacroChallengeGroup4" */ = {
			isa = XCConfigurationList;
			buildConfigurations = (
				609CAE6A2AD7E7BD00BB2A64 /* Debug */,
				609CAE6B2AD7E7BD00BB2A64 /* Release */,
			);
			defaultConfigurationIsVisible = 0;
			defaultConfigurationName = Release;
		};
		609CAE6C2AD7E7BD00BB2A64 /* Build configuration list for PBXNativeTarget "MacroChallengeGroup4" */ = {
			isa = XCConfigurationList;
			buildConfigurations = (
				609CAE6D2AD7E7BD00BB2A64 /* Debug */,
				609CAE6E2AD7E7BD00BB2A64 /* Release */,
			);
			defaultConfigurationIsVisible = 0;
			defaultConfigurationName = Release;
		};
/* End XCConfigurationList section */
	};
	rootObject = 609CAE562AD7E7BC00BB2A64 /* Project object */;
}
