// !$*UTF8*$!
{
	archiveVersion = 1;
	classes = {
	};
	objectVersion = 56;
	objects = {

/* Begin PBXBuildFile section */
		6040543E2AEF90B400B6F564 /* RoundedCorner.swift in Sources */ = {isa = PBXBuildFile; fileRef = 6040543D2AEF90B400B6F564 /* RoundedCorner.swift */; };
		604054402AEF91DB00B6F564 /* SongListView.swift in Sources */ = {isa = PBXBuildFile; fileRef = 6040543F2AEF91DB00B6F564 /* SongListView.swift */; };
		6054A0132AF241C200C29611 /* CoursesView.swift in Sources */ = {isa = PBXBuildFile; fileRef = 6054A0122AF241C200C29611 /* CoursesView.swift */; };
		609CAE622AD7E7BC00BB2A64 /* MacroChallengeGroup4App.swift in Sources */ = {isa = PBXBuildFile; fileRef = 609CAE612AD7E7BC00BB2A64 /* MacroChallengeGroup4App.swift */; };
		609CAE642AD7E7BC00BB2A64 /* ConnectingView.swift in Sources */ = {isa = PBXBuildFile; fileRef = 609CAE632AD7E7BC00BB2A64 /* ConnectingView.swift */; };
		609CAE662AD7E7BD00BB2A64 /* Assets.xcassets in Resources */ = {isa = PBXBuildFile; fileRef = 609CAE652AD7E7BD00BB2A64 /* Assets.xcassets */; };
		609CAE692AD7E7BD00BB2A64 /* Preview Assets.xcassets in Resources */ = {isa = PBXBuildFile; fileRef = 609CAE682AD7E7BD00BB2A64 /* Preview Assets.xcassets */; };
		60CD54292AE687D700439E2D /* MainPageView.swift in Sources */ = {isa = PBXBuildFile; fileRef = 60CD54282AE687D700439E2D /* MainPageView.swift */; };
		744EA9E42AF4F48C002E8AFC /* ScoreViewModel.swift in Sources */ = {isa = PBXBuildFile; fileRef = 744EA9E32AF4F48C002E8AFC /* ScoreViewModel.swift */; };
		744EA9E62AF4F4A0002E8AFC /* LeaderboardModel.swift in Sources */ = {isa = PBXBuildFile; fileRef = 744EA9E52AF4F4A0002E8AFC /* LeaderboardModel.swift */; };
		745E57C02ADFC0A800B53351 /* FreePlayView.swift in Sources */ = {isa = PBXBuildFile; fileRef = 745E57BF2ADFC0A800B53351 /* FreePlayView.swift */; };
		747AA52E2AF23A8D000F5928 /* PauseView.swift in Sources */ = {isa = PBXBuildFile; fileRef = 747AA52D2AF23A8D000F5928 /* PauseView.swift */; };
		747AA5322AF23F6C000F5928 /* Kick.mp3 in Resources */ = {isa = PBXBuildFile; fileRef = 747AA5302AF23F6C000F5928 /* Kick.mp3 */; };
		747AA5332AF23F6C000F5928 /* Snare.mp3 in Resources */ = {isa = PBXBuildFile; fileRef = 747AA5312AF23F6C000F5928 /* Snare.mp3 */; };
		747AA5352AF24215000F5928 /* MainPageButtonModel.swift in Sources */ = {isa = PBXBuildFile; fileRef = 747AA5342AF24215000F5928 /* MainPageButtonModel.swift */; };
		747B08302AE8FA8200595EF8 /* ButtonAnimationModel.swift in Sources */ = {isa = PBXBuildFile; fileRef = 745E57C22ADFC69400B53351 /* ButtonAnimationModel.swift */; };
		74C194452AF2504900D38E3B /* ConnectingViewController.swift in Sources */ = {isa = PBXBuildFile; fileRef = 74C194442AF2504900D38E3B /* ConnectingViewController.swift */; };
		74EFF2EE2AEF9EA200AAF959 /* MainCardViewModel.swift in Sources */ = {isa = PBXBuildFile; fileRef = 74EFF2ED2AEF9EA200AAF959 /* MainCardViewModel.swift */; };
		74EFF2F02AEFAA5300AAF959 /* SongPlayView.swift in Sources */ = {isa = PBXBuildFile; fileRef = 74EFF2EF2AEFAA5300AAF959 /* SongPlayView.swift */; };
		74EFF2F22AEFAA6200AAF959 /* CoursesPlayView.swift in Sources */ = {isa = PBXBuildFile; fileRef = 74EFF2F12AEFAA6200AAF959 /* CoursesPlayView.swift */; };
		74EFF2F42AEFAFD400AAF959 /* CardViewModel.swift in Sources */ = {isa = PBXBuildFile; fileRef = 74EFF2F32AEFAFD400AAF959 /* CardViewModel.swift */; };
/* End PBXBuildFile section */

/* Begin PBXFileReference section */
		6040543D2AEF90B400B6F564 /* RoundedCorner.swift */ = {isa = PBXFileReference; lastKnownFileType = sourcecode.swift; path = RoundedCorner.swift; sourceTree = "<group>"; };
		6040543F2AEF91DB00B6F564 /* SongListView.swift */ = {isa = PBXFileReference; lastKnownFileType = sourcecode.swift; path = SongListView.swift; sourceTree = "<group>"; };
		6054A0122AF241C200C29611 /* CoursesView.swift */ = {isa = PBXFileReference; lastKnownFileType = sourcecode.swift; path = CoursesView.swift; sourceTree = "<group>"; };
		609CAE612AD7E7BC00BB2A64 /* MacroChallengeGroup4App.swift */ = {isa = PBXFileReference; lastKnownFileType = sourcecode.swift; path = MacroChallengeGroup4App.swift; sourceTree = "<group>"; };
		609CAE632AD7E7BC00BB2A64 /* ConnectingView.swift */ = {isa = PBXFileReference; lastKnownFileType = sourcecode.swift; path = ConnectingView.swift; sourceTree = "<group>"; };
		609CAE652AD7E7BD00BB2A64 /* Assets.xcassets */ = {isa = PBXFileReference; lastKnownFileType = folder.assetcatalog; path = Assets.xcassets; sourceTree = "<group>"; };
		609CAE682AD7E7BD00BB2A64 /* Preview Assets.xcassets */ = {isa = PBXFileReference; lastKnownFileType = folder.assetcatalog; path = "Preview Assets.xcassets"; sourceTree = "<group>"; };
		60CD54282AE687D700439E2D /* MainPageView.swift */ = {isa = PBXFileReference; lastKnownFileType = sourcecode.swift; path = MainPageView.swift; sourceTree = "<group>"; };
		744EA9E12AF4D0C0002E8AFC /* Empty.md */ = {isa = PBXFileReference; lastKnownFileType = net.daringfireball.markdown; path = Empty.md; sourceTree = "<group>"; };
		744EA9E32AF4F48C002E8AFC /* ScoreViewModel.swift */ = {isa = PBXFileReference; lastKnownFileType = sourcecode.swift; path = ScoreViewModel.swift; sourceTree = "<group>"; };
		744EA9E52AF4F4A0002E8AFC /* LeaderboardModel.swift */ = {isa = PBXFileReference; lastKnownFileType = sourcecode.swift; path = LeaderboardModel.swift; sourceTree = "<group>"; };
		745E57BF2ADFC0A800B53351 /* FreePlayView.swift */ = {isa = PBXFileReference; fileEncoding = 4; lastKnownFileType = sourcecode.swift; path = FreePlayView.swift; sourceTree = "<group>"; };
		745E57C22ADFC69400B53351 /* ButtonAnimationModel.swift */ = {isa = PBXFileReference; lastKnownFileType = sourcecode.swift; path = ButtonAnimationModel.swift; sourceTree = "<group>"; };
		747AA52D2AF23A8D000F5928 /* PauseView.swift */ = {isa = PBXFileReference; lastKnownFileType = sourcecode.swift; path = PauseView.swift; sourceTree = "<group>"; };
		747AA5302AF23F6C000F5928 /* Kick.mp3 */ = {isa = PBXFileReference; lastKnownFileType = audio.mp3; path = Kick.mp3; sourceTree = "<group>"; };
		747AA5312AF23F6C000F5928 /* Snare.mp3 */ = {isa = PBXFileReference; lastKnownFileType = audio.mp3; path = Snare.mp3; sourceTree = "<group>"; };
		747AA5342AF24215000F5928 /* MainPageButtonModel.swift */ = {isa = PBXFileReference; lastKnownFileType = sourcecode.swift; path = MainPageButtonModel.swift; sourceTree = "<group>"; };
		749C27142AF3815F004C28D1 /* MacroChallengeGroup4.app */ = {isa = PBXFileReference; explicitFileType = wrapper.application; includeInIndex = 0; path = MacroChallengeGroup4.app; sourceTree = BUILT_PRODUCTS_DIR; };
		74C194442AF2504900D38E3B /* ConnectingViewController.swift */ = {isa = PBXFileReference; fileEncoding = 4; lastKnownFileType = sourcecode.swift; path = ConnectingViewController.swift; sourceTree = "<group>"; };
		74EFF2ED2AEF9EA200AAF959 /* MainCardViewModel.swift */ = {isa = PBXFileReference; lastKnownFileType = sourcecode.swift; path = MainCardViewModel.swift; sourceTree = "<group>"; };
		74EFF2EF2AEFAA5300AAF959 /* SongPlayView.swift */ = {isa = PBXFileReference; lastKnownFileType = sourcecode.swift; path = SongPlayView.swift; sourceTree = "<group>"; };
		74EFF2F12AEFAA6200AAF959 /* CoursesPlayView.swift */ = {isa = PBXFileReference; lastKnownFileType = sourcecode.swift; path = CoursesPlayView.swift; sourceTree = "<group>"; };
		74EFF2F32AEFAFD400AAF959 /* CardViewModel.swift */ = {isa = PBXFileReference; lastKnownFileType = sourcecode.swift; path = CardViewModel.swift; sourceTree = "<group>"; };
/* End PBXFileReference section */

/* Begin PBXFrameworksBuildPhase section */
		609CAE5B2AD7E7BC00BB2A64 /* Frameworks */ = {
			isa = PBXFrameworksBuildPhase;
			buildActionMask = 2147483647;
			files = (
			);
			runOnlyForDeploymentPostprocessing = 0;
		};
/* End PBXFrameworksBuildPhase section */

/* Begin PBXGroup section */
		609CAE552AD7E7BC00BB2A64 = {
			isa = PBXGroup;
			children = (
				609CAE602AD7E7BC00BB2A64 /* MacroChallengeGroup4 */,
				749C27142AF3815F004C28D1 /* MacroChallengeGroup4.app */,
			);
			sourceTree = "<group>";
		};
		609CAE602AD7E7BC00BB2A64 /* MacroChallengeGroup4 */ = {
			isa = PBXGroup;
			children = (
				609CAE612AD7E7BC00BB2A64 /* MacroChallengeGroup4App.swift */,
				744EA9E22AF4DDE8002E8AFC /* Components */,
				745E57C12ADFC67F00B53351 /* Model */,
				74BF29C62AE7B9C500E318CD /* View */,
				609CAE652AD7E7BD00BB2A64 /* Assets.xcassets */,
				744EA9E12AF4D0C0002E8AFC /* Empty.md */,
				747AA52F2AF23F51000F5928 /* Sound Assets */,
				609CAE672AD7E7BD00BB2A64 /* Preview Content */,
			);
			path = MacroChallengeGroup4;
			sourceTree = "<group>";
		};
		609CAE672AD7E7BD00BB2A64 /* Preview Content */ = {
			isa = PBXGroup;
			children = (
				609CAE682AD7E7BD00BB2A64 /* Preview Assets.xcassets */,
			);
			path = "Preview Content";
			sourceTree = "<group>";
		};
		744EA9E22AF4DDE8002E8AFC /* Components */ = {
			isa = PBXGroup;
			children = (
				74C194442AF2504900D38E3B /* ConnectingViewController.swift */,
				745E57C22ADFC69400B53351 /* ButtonAnimationModel.swift */,
				6040543D2AEF90B400B6F564 /* RoundedCorner.swift */,
				74EFF2ED2AEF9EA200AAF959 /* MainCardViewModel.swift */,
				74EFF2F32AEFAFD400AAF959 /* CardViewModel.swift */,
				747AA5342AF24215000F5928 /* MainPageButtonModel.swift */,
			);
			path = Components;
			sourceTree = "<group>";
		};
		745E57C12ADFC67F00B53351 /* Model */ = {
			isa = PBXGroup;
			children = (
				744EA9E32AF4F48C002E8AFC /* ScoreViewModel.swift */,
				744EA9E52AF4F4A0002E8AFC /* LeaderboardModel.swift */,
			);
			path = Model;
			sourceTree = "<group>";
		};
		747AA52F2AF23F51000F5928 /* Sound Assets */ = {
			isa = PBXGroup;
			children = (
				747AA5302AF23F6C000F5928 /* Kick.mp3 */,
				747AA5312AF23F6C000F5928 /* Snare.mp3 */,
			);
			path = "Sound Assets";
			sourceTree = "<group>";
		};
		74BF29C62AE7B9C500E318CD /* View */ = {
			isa = PBXGroup;
			children = (
				609CAE632AD7E7BC00BB2A64 /* ConnectingView.swift */,
				60CD54282AE687D700439E2D /* MainPageView.swift */,
				6040543F2AEF91DB00B6F564 /* SongListView.swift */,
				6054A0122AF241C200C29611 /* CoursesView.swift */,
				745E57BF2ADFC0A800B53351 /* FreePlayView.swift */,
				74EFF2EF2AEFAA5300AAF959 /* SongPlayView.swift */,
				74EFF2F12AEFAA6200AAF959 /* CoursesPlayView.swift */,
				747AA52D2AF23A8D000F5928 /* PauseView.swift */,
			);
			path = View;
			sourceTree = "<group>";
		};
/* End PBXGroup section */

/* Begin PBXNativeTarget section */
		609CAE5D2AD7E7BC00BB2A64 /* MacroChallengeGroup4 */ = {
			isa = PBXNativeTarget;
			buildConfigurationList = 609CAE6C2AD7E7BD00BB2A64 /* Build configuration list for PBXNativeTarget "MacroChallengeGroup4" */;
			buildPhases = (
				609CAE5A2AD7E7BC00BB2A64 /* Sources */,
				609CAE5B2AD7E7BC00BB2A64 /* Frameworks */,
				609CAE5C2AD7E7BC00BB2A64 /* Resources */,
			);
			buildRules = (
			);
			dependencies = (
			);
			name = MacroChallengeGroup4;
			productName = MacroChallengeGroup4;
			productReference = 749C27142AF3815F004C28D1 /* MacroChallengeGroup4.app */;
			productType = "com.apple.product-type.application";
		};
/* End PBXNativeTarget section */

/* Begin PBXProject section */
		609CAE562AD7E7BC00BB2A64 /* Project object */ = {
			isa = PBXProject;
			attributes = {
				BuildIndependentTargetsInParallel = 1;
				LastSwiftUpdateCheck = 1500;
				LastUpgradeCheck = 1500;
				TargetAttributes = {
					609CAE5D2AD7E7BC00BB2A64 = {
						CreatedOnToolsVersion = 15.0;
					};
				};
			};
			buildConfigurationList = 609CAE592AD7E7BC00BB2A64 /* Build configuration list for PBXProject "MacroChallengeGroup4" */;
			compatibilityVersion = "Xcode 14.0";
			developmentRegion = en;
			hasScannedForEncodings = 0;
			knownRegions = (
				en,
				Base,
			);
			mainGroup = 609CAE552AD7E7BC00BB2A64;
			productRefGroup = 609CAE552AD7E7BC00BB2A64;
			projectDirPath = "";
			projectRoot = "";
			targets = (
				609CAE5D2AD7E7BC00BB2A64 /* MacroChallengeGroup4 */,
			);
		};
/* End PBXProject section */

/* Begin PBXResourcesBuildPhase section */
		609CAE5C2AD7E7BC00BB2A64 /* Resources */ = {
			isa = PBXResourcesBuildPhase;
			buildActionMask = 2147483647;
			files = (
				747AA5332AF23F6C000F5928 /* Snare.mp3 in Resources */,
				747AA5322AF23F6C000F5928 /* Kick.mp3 in Resources */,
				609CAE692AD7E7BD00BB2A64 /* Preview Assets.xcassets in Resources */,
				609CAE662AD7E7BD00BB2A64 /* Assets.xcassets in Resources */,
			);
			runOnlyForDeploymentPostprocessing = 0;
		};
/* End PBXResourcesBuildPhase section */

/* Begin PBXSourcesBuildPhase section */
		609CAE5A2AD7E7BC00BB2A64 /* Sources */ = {
			isa = PBXSourcesBuildPhase;
			buildActionMask = 2147483647;
			files = (
				6040543E2AEF90B400B6F564 /* RoundedCorner.swift in Sources */,
				6054A0132AF241C200C29611 /* CoursesView.swift in Sources */,
				747AA5352AF24215000F5928 /* MainPageButtonModel.swift in Sources */,
				609CAE642AD7E7BC00BB2A64 /* ConnectingView.swift in Sources */,
				747AA52E2AF23A8D000F5928 /* PauseView.swift in Sources */,
				74C194452AF2504900D38E3B /* ConnectingViewController.swift in Sources */,
				609CAE642AD7E7BC00BB2A64 /* ConnectingView.swift in Sources */,
				744EA9E62AF4F4A0002E8AFC /* LeaderboardModel.swift in Sources */,
				60CD54292AE687D700439E2D /* MainPageView.swift in Sources */,
				609CAE622AD7E7BC00BB2A64 /* MacroChallengeGroup4App.swift in Sources */,
				745E57C02ADFC0A800B53351 /* FreePlayView.swift in Sources */,
				74EFF2EE2AEF9EA200AAF959 /* MainCardViewModel.swift in Sources */,
				74EFF2F02AEFAA5300AAF959 /* SongPlayView.swift in Sources */,
				74EFF2F42AEFAFD400AAF959 /* CardViewModel.swift in Sources */,
				604054402AEF91DB00B6F564 /* SongListView.swift in Sources */,
				747B08302AE8FA8200595EF8 /* ButtonAnimationModel.swift in Sources */,
				744EA9E42AF4F48C002E8AFC /* ScoreViewModel.swift in Sources */,
				74EFF2F22AEFAA6200AAF959 /* CoursesPlayView.swift in Sources */,
			);
			runOnlyForDeploymentPostprocessing = 0;
		};
/* End PBXSourcesBuildPhase section */

/* Begin XCBuildConfiguration section */
		609CAE6A2AD7E7BD00BB2A64 /* Debug */ = {
			isa = XCBuildConfiguration;
			buildSettings = {
				ALWAYS_SEARCH_USER_PATHS = NO;
				ASSETCATALOG_COMPILER_GENERATE_SWIFT_ASSET_SYMBOL_EXTENSIONS = YES;
				CLANG_ANALYZER_NONNULL = YES;
				CLANG_ANALYZER_NUMBER_OBJECT_CONVERSION = YES_AGGRESSIVE;
				CLANG_CXX_LANGUAGE_STANDARD = "gnu++20";
				CLANG_ENABLE_MODULES = YES;
				CLANG_ENABLE_OBJC_ARC = YES;
				CLANG_ENABLE_OBJC_WEAK = YES;
				CLANG_WARN_BLOCK_CAPTURE_AUTORELEASING = YES;
				CLANG_WARN_BOOL_CONVERSION = YES;
				CLANG_WARN_COMMA = YES;
				CLANG_WARN_CONSTANT_CONVERSION = YES;
				CLANG_WARN_DEPRECATED_OBJC_IMPLEMENTATIONS = YES;
				CLANG_WARN_DIRECT_OBJC_ISA_USAGE = YES_ERROR;
				CLANG_WARN_DOCUMENTATION_COMMENTS = YES;
				CLANG_WARN_EMPTY_BODY = YES;
				CLANG_WARN_ENUM_CONVERSION = YES;
				CLANG_WARN_INFINITE_RECURSION = YES;
				CLANG_WARN_INT_CONVERSION = YES;
				CLANG_WARN_NON_LITERAL_NULL_CONVERSION = YES;
				CLANG_WARN_OBJC_IMPLICIT_RETAIN_SELF = YES;
				CLANG_WARN_OBJC_LITERAL_CONVERSION = YES;
				CLANG_WARN_OBJC_ROOT_CLASS = YES_ERROR;
				CLANG_WARN_QUOTED_INCLUDE_IN_FRAMEWORK_HEADER = YES;
				CLANG_WARN_RANGE_LOOP_ANALYSIS = YES;
				CLANG_WARN_STRICT_PROTOTYPES = YES;
				CLANG_WARN_SUSPICIOUS_MOVE = YES;
				CLANG_WARN_UNGUARDED_AVAILABILITY = YES_AGGRESSIVE;
				CLANG_WARN_UNREACHABLE_CODE = YES;
				CLANG_WARN__DUPLICATE_METHOD_MATCH = YES;
				COPY_PHASE_STRIP = NO;
				DEBUG_INFORMATION_FORMAT = dwarf;
				ENABLE_STRICT_OBJC_MSGSEND = YES;
				ENABLE_TESTABILITY = YES;
				ENABLE_USER_SCRIPT_SANDBOXING = YES;
				GCC_C_LANGUAGE_STANDARD = gnu17;
				GCC_DYNAMIC_NO_PIC = NO;
				GCC_NO_COMMON_BLOCKS = YES;
				GCC_OPTIMIZATION_LEVEL = 0;
				GCC_PREPROCESSOR_DEFINITIONS = (
					"DEBUG=1",
					"$(inherited)",
				);
				GCC_WARN_64_TO_32_BIT_CONVERSION = YES;
				GCC_WARN_ABOUT_RETURN_TYPE = YES_ERROR;
				GCC_WARN_UNDECLARED_SELECTOR = YES;
				GCC_WARN_UNINITIALIZED_AUTOS = YES_AGGRESSIVE;
				GCC_WARN_UNUSED_FUNCTION = YES;
				GCC_WARN_UNUSED_VARIABLE = YES;
				IPHONEOS_DEPLOYMENT_TARGET = 17.0;
				LOCALIZATION_PREFERS_STRING_CATALOGS = YES;
				MTL_ENABLE_DEBUG_INFO = INCLUDE_SOURCE;
				MTL_FAST_MATH = YES;
				ONLY_ACTIVE_ARCH = YES;
				SDKROOT = iphoneos;
				SWIFT_ACTIVE_COMPILATION_CONDITIONS = "DEBUG $(inherited)";
				SWIFT_OPTIMIZATION_LEVEL = "-Onone";
			};
			name = Debug;
		};
		609CAE6B2AD7E7BD00BB2A64 /* Release */ = {
			isa = XCBuildConfiguration;
			buildSettings = {
				ALWAYS_SEARCH_USER_PATHS = NO;
				ASSETCATALOG_COMPILER_GENERATE_SWIFT_ASSET_SYMBOL_EXTENSIONS = YES;
				CLANG_ANALYZER_NONNULL = YES;
				CLANG_ANALYZER_NUMBER_OBJECT_CONVERSION = YES_AGGRESSIVE;
				CLANG_CXX_LANGUAGE_STANDARD = "gnu++20";
				CLANG_ENABLE_MODULES = YES;
				CLANG_ENABLE_OBJC_ARC = YES;
				CLANG_ENABLE_OBJC_WEAK = YES;
				CLANG_WARN_BLOCK_CAPTURE_AUTORELEASING = YES;
				CLANG_WARN_BOOL_CONVERSION = YES;
				CLANG_WARN_COMMA = YES;
				CLANG_WARN_CONSTANT_CONVERSION = YES;
				CLANG_WARN_DEPRECATED_OBJC_IMPLEMENTATIONS = YES;
				CLANG_WARN_DIRECT_OBJC_ISA_USAGE = YES_ERROR;
				CLANG_WARN_DOCUMENTATION_COMMENTS = YES;
				CLANG_WARN_EMPTY_BODY = YES;
				CLANG_WARN_ENUM_CONVERSION = YES;
				CLANG_WARN_INFINITE_RECURSION = YES;
				CLANG_WARN_INT_CONVERSION = YES;
				CLANG_WARN_NON_LITERAL_NULL_CONVERSION = YES;
				CLANG_WARN_OBJC_IMPLICIT_RETAIN_SELF = YES;
				CLANG_WARN_OBJC_LITERAL_CONVERSION = YES;
				CLANG_WARN_OBJC_ROOT_CLASS = YES_ERROR;
				CLANG_WARN_QUOTED_INCLUDE_IN_FRAMEWORK_HEADER = YES;
				CLANG_WARN_RANGE_LOOP_ANALYSIS = YES;
				CLANG_WARN_STRICT_PROTOTYPES = YES;
				CLANG_WARN_SUSPICIOUS_MOVE = YES;
				CLANG_WARN_UNGUARDED_AVAILABILITY = YES_AGGRESSIVE;
				CLANG_WARN_UNREACHABLE_CODE = YES;
				CLANG_WARN__DUPLICATE_METHOD_MATCH = YES;
				COPY_PHASE_STRIP = NO;
				DEBUG_INFORMATION_FORMAT = "dwarf-with-dsym";
				ENABLE_NS_ASSERTIONS = NO;
				ENABLE_STRICT_OBJC_MSGSEND = YES;
				ENABLE_USER_SCRIPT_SANDBOXING = YES;
				GCC_C_LANGUAGE_STANDARD = gnu17;
				GCC_NO_COMMON_BLOCKS = YES;
				GCC_WARN_64_TO_32_BIT_CONVERSION = YES;
				GCC_WARN_ABOUT_RETURN_TYPE = YES_ERROR;
				GCC_WARN_UNDECLARED_SELECTOR = YES;
				GCC_WARN_UNINITIALIZED_AUTOS = YES_AGGRESSIVE;
				GCC_WARN_UNUSED_FUNCTION = YES;
				GCC_WARN_UNUSED_VARIABLE = YES;
				IPHONEOS_DEPLOYMENT_TARGET = 17.0;
				LOCALIZATION_PREFERS_STRING_CATALOGS = YES;
				MTL_ENABLE_DEBUG_INFO = NO;
				MTL_FAST_MATH = YES;
				SDKROOT = iphoneos;
				SWIFT_COMPILATION_MODE = wholemodule;
				VALIDATE_PRODUCT = YES;
			};
			name = Release;
		};
		609CAE6D2AD7E7BD00BB2A64 /* Debug */ = {
			isa = XCBuildConfiguration;
			buildSettings = {
				ASSETCATALOG_COMPILER_APPICON_NAME = AppIcon;
				ASSETCATALOG_COMPILER_GLOBAL_ACCENT_COLOR_NAME = AccentColor;
				CODE_SIGN_STYLE = Automatic;
				CURRENT_PROJECT_VERSION = 1;
				DEVELOPMENT_ASSET_PATHS = "\"MacroChallengeGroup4/Preview Content\"";
				DEVELOPMENT_TEAM = MTGV8S7M8J;
				ENABLE_PREVIEWS = YES;
				GENERATE_INFOPLIST_FILE = YES;
				INFOPLIST_KEY_UIApplicationSceneManifest_Generation = YES;
				INFOPLIST_KEY_UIApplicationSupportsIndirectInputEvents = YES;
				INFOPLIST_KEY_UILaunchScreen_Generation = YES;
				INFOPLIST_KEY_UISupportedInterfaceOrientations_iPad = "UIInterfaceOrientationPortrait UIInterfaceOrientationPortraitUpsideDown UIInterfaceOrientationLandscapeLeft UIInterfaceOrientationLandscapeRight";
				INFOPLIST_KEY_UISupportedInterfaceOrientations_iPhone = "UIInterfaceOrientationLandscapeLeft UIInterfaceOrientationLandscapeLeft UIInterfaceOrientationLandscapeRight UIInterfaceOrientationLandscapeRight";
				IPHONEOS_DEPLOYMENT_TARGET = 17.0;
				LD_RUNPATH_SEARCH_PATHS = (
					"$(inherited)",
					"@executable_path/Frameworks",
				);
				MARKETING_VERSION = 1.0;
				PRODUCT_BUNDLE_IDENTIFIER = com.ada.MacroChallengeGroup4;
				PRODUCT_NAME = "$(TARGET_NAME)";
				SWIFT_EMIT_LOC_STRINGS = YES;
				SWIFT_VERSION = 5.0;
				TARGETED_DEVICE_FAMILY = "1,2";
			};
			name = Debug;
		};
		609CAE6E2AD7E7BD00BB2A64 /* Release */ = {
			isa = XCBuildConfiguration;
			buildSettings = {
				ASSETCATALOG_COMPILER_APPICON_NAME = AppIcon;
				ASSETCATALOG_COMPILER_GLOBAL_ACCENT_COLOR_NAME = AccentColor;
				CODE_SIGN_STYLE = Automatic;
				CURRENT_PROJECT_VERSION = 1;
				DEVELOPMENT_ASSET_PATHS = "\"MacroChallengeGroup4/Preview Content\"";
				DEVELOPMENT_TEAM = MTGV8S7M8J;
				ENABLE_PREVIEWS = YES;
				GENERATE_INFOPLIST_FILE = YES;
				INFOPLIST_KEY_UIApplicationSceneManifest_Generation = YES;
				INFOPLIST_KEY_UIApplicationSupportsIndirectInputEvents = YES;
				INFOPLIST_KEY_UILaunchScreen_Generation = YES;
				INFOPLIST_KEY_UISupportedInterfaceOrientations_iPad = "UIInterfaceOrientationPortrait UIInterfaceOrientationPortraitUpsideDown UIInterfaceOrientationLandscapeLeft UIInterfaceOrientationLandscapeRight";
				INFOPLIST_KEY_UISupportedInterfaceOrientations_iPhone = "UIInterfaceOrientationLandscapeLeft UIInterfaceOrientationLandscapeLeft UIInterfaceOrientationLandscapeRight UIInterfaceOrientationLandscapeRight";
				IPHONEOS_DEPLOYMENT_TARGET = 17.0;
				LD_RUNPATH_SEARCH_PATHS = (
					"$(inherited)",
					"@executable_path/Frameworks",
				);
				MARKETING_VERSION = 1.0;
				PRODUCT_BUNDLE_IDENTIFIER = com.ada.MacroChallengeGroup4;
				PRODUCT_NAME = "$(TARGET_NAME)";
				SWIFT_EMIT_LOC_STRINGS = YES;
				SWIFT_VERSION = 5.0;
				TARGETED_DEVICE_FAMILY = "1,2";
			};
			name = Release;
		};
/* End XCBuildConfiguration section */

/* Begin XCConfigurationList section */
		609CAE592AD7E7BC00BB2A64 /* Build configuration list for PBXProject "MacroChallengeGroup4" */ = {
			isa = XCConfigurationList;
			buildConfigurations = (
				609CAE6A2AD7E7BD00BB2A64 /* Debug */,
				609CAE6B2AD7E7BD00BB2A64 /* Release */,
			);
			defaultConfigurationIsVisible = 0;
			defaultConfigurationName = Release;
		};
		609CAE6C2AD7E7BD00BB2A64 /* Build configuration list for PBXNativeTarget "MacroChallengeGroup4" */ = {
			isa = XCConfigurationList;
			buildConfigurations = (
				609CAE6D2AD7E7BD00BB2A64 /* Debug */,
				609CAE6E2AD7E7BD00BB2A64 /* Release */,
			);
			defaultConfigurationIsVisible = 0;
			defaultConfigurationName = Release;
		};
/* End XCConfigurationList section */
	};
	rootObject = 609CAE562AD7E7BC00BB2A64 /* Project object */;
}
